Microsoft Visual Studio Solution File, Format Version 12.00
# Visual Studio Version 17
VisualStudioVersion = 17.5.2.0
MinimumVisualStudioVersion = 10.0.40219.1
Project("{FAE04EC0-301F-11D3-BF4B-00C04F79EFBC}") = "Nowy folder (2)", "Nowy folder (2).csproj", "{BACF7EE7-AE2C-9548-6534-3041C091210E}"
EndProject
Global
	GlobalSection(SolutionConfigurationPlatforms) = preSolution
		Debug|Any CPU = Debug|Any CPU
		Release|Any CPU = Release|Any CPU
	EndGlobalSection
	GlobalSection(ProjectConfigurationPlatforms) = postSolution
		{BACF7EE7-AE2C-9548-6534-3041C091210E}.Debug|Any CPU.ActiveCfg = Debug|Any CPU
		{BACF7EE7-AE2C-9548-6534-3041C091210E}.Debug|Any CPU.Build.0 = Debug|Any CPU
		{BACF7EE7-AE2C-9548-6534-3041C091210E}.Release|Any CPU.ActiveCfg = Release|Any CPU
		{BACF7EE7-AE2C-9548-6534-3041C091210E}.Release|Any CPU.Build.0 = Release|Any CPU
	EndGlobalSection
	GlobalSection(SolutionProperties) = preSolution
		HideSolutionNode = FALSE
	EndGlobalSection
	GlobalSection(ExtensibilityGlobals) = postSolution
		SolutionGuid = {A4D118B0-8072-411B-8668-0F1F6968C88D}
	EndGlobalSection
EndGlobal
